// !$*UTF8*$!
{
	archiveVersion = 1;
	classes = {
	};
	objectVersion = 56;
	objects = {

/* Begin PBXBuildFile section */
		66EA690828F84D3B00EBC938 /* AppDelegate.swift in Sources */ = {isa = PBXBuildFile; fileRef = 66EA690728F84D3B00EBC938 /* AppDelegate.swift */; };
		66EA690A28F84D3B00EBC938 /* SceneDelegate.swift in Sources */ = {isa = PBXBuildFile; fileRef = 66EA690928F84D3B00EBC938 /* SceneDelegate.swift */; };
		66EA690C28F84D3B00EBC938 /* ViewController.swift in Sources */ = {isa = PBXBuildFile; fileRef = 66EA690B28F84D3B00EBC938 /* ViewController.swift */; };
		66EA690F28F84D3B00EBC938 /* Main.storyboard in Resources */ = {isa = PBXBuildFile; fileRef = 66EA690D28F84D3B00EBC938 /* Main.storyboard */; };
		66EA691128F84D3D00EBC938 /* Assets.xcassets in Resources */ = {isa = PBXBuildFile; fileRef = 66EA691028F84D3D00EBC938 /* Assets.xcassets */; };
		66EA691428F84D3D00EBC938 /* LaunchScreen.storyboard in Resources */ = {isa = PBXBuildFile; fileRef = 66EA691228F84D3D00EBC938 /* LaunchScreen.storyboard */; };
		66EA691D28F84D8800EBC938 /* BrazeKit in Frameworks */ = {isa = PBXBuildFile; productRef = 66EA691C28F84D8800EBC938 /* BrazeKit */; };
		66EA691F28F84D8800EBC938 /* BrazeLocation in Frameworks */ = {isa = PBXBuildFile; productRef = 66EA691E28F84D8800EBC938 /* BrazeLocation */; };
		66EA692128F84D8800EBC938 /* BrazeUI in Frameworks */ = {isa = PBXBuildFile; productRef = 66EA692028F84D8800EBC938 /* BrazeUI */; };
/* End PBXBuildFile section */

/* Begin PBXFileReference section */
		66EA690428F84D3B00EBC938 /* TestGHAction.app */ = {isa = PBXFileReference; explicitFileType = wrapper.application; includeInIndex = 0; path = TestGHAction.app; sourceTree = BUILT_PRODUCTS_DIR; };
		66EA690728F84D3B00EBC938 /* AppDelegate.swift */ = {isa = PBXFileReference; lastKnownFileType = sourcecode.swift; path = AppDelegate.swift; sourceTree = "<group>"; };
		66EA690928F84D3B00EBC938 /* SceneDelegate.swift */ = {isa = PBXFileReference; lastKnownFileType = sourcecode.swift; path = SceneDelegate.swift; sourceTree = "<group>"; };
		66EA690B28F84D3B00EBC938 /* ViewController.swift */ = {isa = PBXFileReference; lastKnownFileType = sourcecode.swift; path = ViewController.swift; sourceTree = "<group>"; };
		66EA690E28F84D3B00EBC938 /* Base */ = {isa = PBXFileReference; lastKnownFileType = file.storyboard; name = Base; path = Base.lproj/Main.storyboard; sourceTree = "<group>"; };
		66EA691028F84D3D00EBC938 /* Assets.xcassets */ = {isa = PBXFileReference; lastKnownFileType = folder.assetcatalog; path = Assets.xcassets; sourceTree = "<group>"; };
		66EA691328F84D3D00EBC938 /* Base */ = {isa = PBXFileReference; lastKnownFileType = file.storyboard; name = Base; path = Base.lproj/LaunchScreen.storyboard; sourceTree = "<group>"; };
		66EA691528F84D3D00EBC938 /* Info.plist */ = {isa = PBXFileReference; lastKnownFileType = text.plist.xml; path = Info.plist; sourceTree = "<group>"; };
/* End PBXFileReference section */

/* Begin PBXFrameworksBuildPhase section */
		66EA690128F84D3B00EBC938 /* Frameworks */ = {
			isa = PBXFrameworksBuildPhase;
			buildActionMask = 2147483647;
			files = (
				66EA692128F84D8800EBC938 /* BrazeUI in Frameworks */,
				66EA691F28F84D8800EBC938 /* BrazeLocation in Frameworks */,
				66EA691D28F84D8800EBC938 /* BrazeKit in Frameworks */,
			);
			runOnlyForDeploymentPostprocessing = 0;
		};
/* End PBXFrameworksBuildPhase section */

/* Begin PBXGroup section */
		66EA68FB28F84D3B00EBC938 = {
			isa = PBXGroup;
			children = (
				66EA690628F84D3B00EBC938 /* TestGHAction */,
				66EA690528F84D3B00EBC938 /* Products */,
			);
			sourceTree = "<group>";
		};
		66EA690528F84D3B00EBC938 /* Products */ = {
			isa = PBXGroup;
			children = (
				66EA690428F84D3B00EBC938 /* TestGHAction.app */,
			);
			name = Products;
			sourceTree = "<group>";
		};
		66EA690628F84D3B00EBC938 /* TestGHAction */ = {
			isa = PBXGroup;
			children = (
				66EA690728F84D3B00EBC938 /* AppDelegate.swift */,
				66EA690928F84D3B00EBC938 /* SceneDelegate.swift */,
				66EA690B28F84D3B00EBC938 /* ViewController.swift */,
				66EA690D28F84D3B00EBC938 /* Main.storyboard */,
				66EA691028F84D3D00EBC938 /* Assets.xcassets */,
				66EA691228F84D3D00EBC938 /* LaunchScreen.storyboard */,
				66EA691528F84D3D00EBC938 /* Info.plist */,
			);
			path = TestGHAction;
			sourceTree = "<group>";
		};
/* End PBXGroup section */

/* Begin PBXNativeTarget section */
		66EA690328F84D3B00EBC938 /* TestGHAction */ = {
			isa = PBXNativeTarget;
			buildConfigurationList = 66EA691828F84D3D00EBC938 /* Build configuration list for PBXNativeTarget "TestGHAction" */;
			buildPhases = (
				66EA690028F84D3B00EBC938 /* Sources */,
				66EA690128F84D3B00EBC938 /* Frameworks */,
				66EA690228F84D3B00EBC938 /* Resources */,
			);
			buildRules = (
			);
			dependencies = (
			);
			name = TestGHAction;
			packageProductDependencies = (
				66EA691C28F84D8800EBC938 /* BrazeKit */,
				66EA691E28F84D8800EBC938 /* BrazeLocation */,
				66EA692028F84D8800EBC938 /* BrazeUI */,
			);
			productName = TestGHAction;
			productReference = 66EA690428F84D3B00EBC938 /* TestGHAction.app */;
			productType = "com.apple.product-type.application";
		};
/* End PBXNativeTarget section */

/* Begin PBXProject section */
		66EA68FC28F84D3B00EBC938 /* Project object */ = {
			isa = PBXProject;
			attributes = {
				BuildIndependentTargetsInParallel = 1;
				LastSwiftUpdateCheck = 1400;
				LastUpgradeCheck = 1400;
				TargetAttributes = {
					66EA690328F84D3B00EBC938 = {
						CreatedOnToolsVersion = 14.0.1;
					};
				};
			};
			buildConfigurationList = 66EA68FF28F84D3B00EBC938 /* Build configuration list for PBXProject "TestGHAction" */;
			compatibilityVersion = "Xcode 14.0";
			developmentRegion = en;
			hasScannedForEncodings = 0;
			knownRegions = (
				en,
				Base,
			);
			mainGroup = 66EA68FB28F84D3B00EBC938;
			packageReferences = (
				66EA691B28F84D8800EBC938 /* XCRemoteSwiftPackageReference "braze-swift-sdk" */,
			);
			productRefGroup = 66EA690528F84D3B00EBC938 /* Products */;
			projectDirPath = "";
			projectRoot = "";
			targets = (
				66EA690328F84D3B00EBC938 /* TestGHAction */,
			);
		};
/* End PBXProject section */

/* Begin PBXResourcesBuildPhase section */
		66EA690228F84D3B00EBC938 /* Resources */ = {
			isa = PBXResourcesBuildPhase;
			buildActionMask = 2147483647;
			files = (
				66EA691428F84D3D00EBC938 /* LaunchScreen.storyboard in Resources */,
				66EA691128F84D3D00EBC938 /* Assets.xcassets in Resources */,
				66EA690F28F84D3B00EBC938 /* Main.storyboard in Resources */,
			);
			runOnlyForDeploymentPostprocessing = 0;
		};
/* End PBXResourcesBuildPhase section */

/* Begin PBXSourcesBuildPhase section */
		66EA690028F84D3B00EBC938 /* Sources */ = {
			isa = PBXSourcesBuildPhase;
			buildActionMask = 2147483647;
			files = (
				66EA690C28F84D3B00EBC938 /* ViewController.swift in Sources */,
				66EA690828F84D3B00EBC938 /* AppDelegate.swift in Sources */,
				66EA690A28F84D3B00EBC938 /* SceneDelegate.swift in Sources */,
			);
			runOnlyForDeploymentPostprocessing = 0;
		};
/* End PBXSourcesBuildPhase section */

/* Begin PBXVariantGroup section */
		66EA690D28F84D3B00EBC938 /* Main.storyboard */ = {
			isa = PBXVariantGroup;
			children = (
				66EA690E28F84D3B00EBC938 /* Base */,
			);
			name = Main.storyboard;
			sourceTree = "<group>";
		};
		66EA691228F84D3D00EBC938 /* LaunchScreen.storyboard */ = {
			isa = PBXVariantGroup;
			children = (
				66EA691328F84D3D00EBC938 /* Base */,
			);
			name = LaunchScreen.storyboard;
			sourceTree = "<group>";
		};
/* End PBXVariantGroup section */

/* Begin XCBuildConfiguration section */
		66EA691628F84D3D00EBC938 /* Debug */ = {
			isa = XCBuildConfiguration;
			buildSettings = {
				ALWAYS_SEARCH_USER_PATHS = NO;
				CLANG_ANALYZER_NONNULL = YES;
				CLANG_ANALYZER_NUMBER_OBJECT_CONVERSION = YES_AGGRESSIVE;
				CLANG_CXX_LANGUAGE_STANDARD = "gnu++20";
				CLANG_ENABLE_MODULES = YES;
				CLANG_ENABLE_OBJC_ARC = YES;
				CLANG_ENABLE_OBJC_WEAK = YES;
				CLANG_WARN_BLOCK_CAPTURE_AUTORELEASING = YES;
				CLANG_WARN_BOOL_CONVERSION = YES;
				CLANG_WARN_COMMA = YES;
				CLANG_WARN_CONSTANT_CONVERSION = YES;
				CLANG_WARN_DEPRECATED_OBJC_IMPLEMENTATIONS = YES;
				CLANG_WARN_DIRECT_OBJC_ISA_USAGE = YES_ERROR;
				CLANG_WARN_DOCUMENTATION_COMMENTS = YES;
				CLANG_WARN_EMPTY_BODY = YES;
				CLANG_WARN_ENUM_CONVERSION = YES;
				CLANG_WARN_INFINITE_RECURSION = YES;
				CLANG_WARN_INT_CONVERSION = YES;
				CLANG_WARN_NON_LITERAL_NULL_CONVERSION = YES;
				CLANG_WARN_OBJC_IMPLICIT_RETAIN_SELF = YES;
				CLANG_WARN_OBJC_LITERAL_CONVERSION = YES;
				CLANG_WARN_OBJC_ROOT_CLASS = YES_ERROR;
				CLANG_WARN_QUOTED_INCLUDE_IN_FRAMEWORK_HEADER = YES;
				CLANG_WARN_RANGE_LOOP_ANALYSIS = YES;
				CLANG_WARN_STRICT_PROTOTYPES = YES;
				CLANG_WARN_SUSPICIOUS_MOVE = YES;
				CLANG_WARN_UNGUARDED_AVAILABILITY = YES_AGGRESSIVE;
				CLANG_WARN_UNREACHABLE_CODE = YES;
				CLANG_WARN__DUPLICATE_METHOD_MATCH = YES;
				COPY_PHASE_STRIP = NO;
				DEBUG_INFORMATION_FORMAT = dwarf;
				ENABLE_STRICT_OBJC_MSGSEND = YES;
				ENABLE_TESTABILITY = YES;
				GCC_C_LANGUAGE_STANDARD = gnu11;
				GCC_DYNAMIC_NO_PIC = NO;
				GCC_NO_COMMON_BLOCKS = YES;
				GCC_OPTIMIZATION_LEVEL = 0;
				GCC_PREPROCESSOR_DEFINITIONS = (
					"DEBUG=1",
					"$(inherited)",
				);
				GCC_WARN_64_TO_32_BIT_CONVERSION = YES;
				GCC_WARN_ABOUT_RETURN_TYPE = YES_ERROR;
				GCC_WARN_UNDECLARED_SELECTOR = YES;
				GCC_WARN_UNINITIALIZED_AUTOS = YES_AGGRESSIVE;
				GCC_WARN_UNUSED_FUNCTION = YES;
				GCC_WARN_UNUSED_VARIABLE = YES;
				IPHONEOS_DEPLOYMENT_TARGET = 16.0;
				MTL_ENABLE_DEBUG_INFO = INCLUDE_SOURCE;
				MTL_FAST_MATH = YES;
				ONLY_ACTIVE_ARCH = YES;
				SDKROOT = iphoneos;
				SWIFT_ACTIVE_COMPILATION_CONDITIONS = DEBUG;
				SWIFT_OPTIMIZATION_LEVEL = "-Onone";
			};
			name = Debug;
		};
		66EA691728F84D3D00EBC938 /* Release */ = {
			isa = XCBuildConfiguration;
			buildSettings = {
				ALWAYS_SEARCH_USER_PATHS = NO;
				CLANG_ANALYZER_NONNULL = YES;
				CLANG_ANALYZER_NUMBER_OBJECT_CONVERSION = YES_AGGRESSIVE;
				CLANG_CXX_LANGUAGE_STANDARD = "gnu++20";
				CLANG_ENABLE_MODULES = YES;
				CLANG_ENABLE_OBJC_ARC = YES;
				CLANG_ENABLE_OBJC_WEAK = YES;
				CLANG_WARN_BLOCK_CAPTURE_AUTORELEASING = YES;
				CLANG_WARN_BOOL_CONVERSION = YES;
				CLANG_WARN_COMMA = YES;
				CLANG_WARN_CONSTANT_CONVERSION = YES;
				CLANG_WARN_DEPRECATED_OBJC_IMPLEMENTATIONS = YES;
				CLANG_WARN_DIRECT_OBJC_ISA_USAGE = YES_ERROR;
				CLANG_WARN_DOCUMENTATION_COMMENTS = YES;
				CLANG_WARN_EMPTY_BODY = YES;
				CLANG_WARN_ENUM_CONVERSION = YES;
				CLANG_WARN_INFINITE_RECURSION = YES;
				CLANG_WARN_INT_CONVERSION = YES;
				CLANG_WARN_NON_LITERAL_NULL_CONVERSION = YES;
				CLANG_WARN_OBJC_IMPLICIT_RETAIN_SELF = YES;
				CLANG_WARN_OBJC_LITERAL_CONVERSION = YES;
				CLANG_WARN_OBJC_ROOT_CLASS = YES_ERROR;
				CLANG_WARN_QUOTED_INCLUDE_IN_FRAMEWORK_HEADER = YES;
				CLANG_WARN_RANGE_LOOP_ANALYSIS = YES;
				CLANG_WARN_STRICT_PROTOTYPES = YES;
				CLANG_WARN_SUSPICIOUS_MOVE = YES;
				CLANG_WARN_UNGUARDED_AVAILABILITY = YES_AGGRESSIVE;
				CLANG_WARN_UNREACHABLE_CODE = YES;
				CLANG_WARN__DUPLICATE_METHOD_MATCH = YES;
				COPY_PHASE_STRIP = NO;
				DEBUG_INFORMATION_FORMAT = "dwarf-with-dsym";
				ENABLE_NS_ASSERTIONS = NO;
				ENABLE_STRICT_OBJC_MSGSEND = YES;
				GCC_C_LANGUAGE_STANDARD = gnu11;
				GCC_NO_COMMON_BLOCKS = YES;
				GCC_WARN_64_TO_32_BIT_CONVERSION = YES;
				GCC_WARN_ABOUT_RETURN_TYPE = YES_ERROR;
				GCC_WARN_UNDECLARED_SELECTOR = YES;
				GCC_WARN_UNINITIALIZED_AUTOS = YES_AGGRESSIVE;
				GCC_WARN_UNUSED_FUNCTION = YES;
				GCC_WARN_UNUSED_VARIABLE = YES;
				IPHONEOS_DEPLOYMENT_TARGET = 16.0;
				MTL_ENABLE_DEBUG_INFO = NO;
				MTL_FAST_MATH = YES;
				SDKROOT = iphoneos;
				SWIFT_COMPILATION_MODE = wholemodule;
				SWIFT_OPTIMIZATION_LEVEL = "-O";
				VALIDATE_PRODUCT = YES;
			};
			name = Release;
		};
		66EA691928F84D3D00EBC938 /* Debug */ = {
			isa = XCBuildConfiguration;
			buildSettings = {
				ASSETCATALOG_COMPILER_APPICON_NAME = AppIcon;
				ASSETCATALOG_COMPILER_GLOBAL_ACCENT_COLOR_NAME = AccentColor;
				CODE_SIGN_STYLE = Automatic;
				CURRENT_PROJECT_VERSION = 1;
				DEVELOPMENT_TEAM = 5GLZKGNWQ3;
				GENERATE_INFOPLIST_FILE = YES;
				INFOPLIST_FILE = TestGHAction/Info.plist;
				INFOPLIST_KEY_UIApplicationSupportsIndirectInputEvents = YES;
				INFOPLIST_KEY_UILaunchStoryboardName = LaunchScreen;
				INFOPLIST_KEY_UIMainStoryboardFile = Main;
				INFOPLIST_KEY_UISupportedInterfaceOrientations_iPad = "UIInterfaceOrientationPortrait UIInterfaceOrientationPortraitUpsideDown UIInterfaceOrientationLandscapeLeft UIInterfaceOrientationLandscapeRight";
				INFOPLIST_KEY_UISupportedInterfaceOrientations_iPhone = "UIInterfaceOrientationPortrait UIInterfaceOrientationLandscapeLeft UIInterfaceOrientationLandscapeRight";
				LD_RUNPATH_SEARCH_PATHS = (
					"$(inherited)",
					"@executable_path/Frameworks",
				);
				MARKETING_VERSION = 1.0;
				PRODUCT_BUNDLE_IDENTIFIER = com.braze.TestGHAction;
				PRODUCT_NAME = "$(TARGET_NAME)";
				SWIFT_EMIT_LOC_STRINGS = YES;
				SWIFT_VERSION = 5.0;
				TARGETED_DEVICE_FAMILY = "1,2";
			};
			name = Debug;
		};
		66EA691A28F84D3D00EBC938 /* Release */ = {
			isa = XCBuildConfiguration;
			buildSettings = {
				ASSETCATALOG_COMPILER_APPICON_NAME = AppIcon;
				ASSETCATALOG_COMPILER_GLOBAL_ACCENT_COLOR_NAME = AccentColor;
				CODE_SIGN_STYLE = Automatic;
				CURRENT_PROJECT_VERSION = 1;
				DEVELOPMENT_TEAM = 5GLZKGNWQ3;
				GENERATE_INFOPLIST_FILE = YES;
				INFOPLIST_FILE = TestGHAction/Info.plist;
				INFOPLIST_KEY_UIApplicationSupportsIndirectInputEvents = YES;
				INFOPLIST_KEY_UILaunchStoryboardName = LaunchScreen;
				INFOPLIST_KEY_UIMainStoryboardFile = Main;
				INFOPLIST_KEY_UISupportedInterfaceOrientations_iPad = "UIInterfaceOrientationPortrait UIInterfaceOrientationPortraitUpsideDown UIInterfaceOrientationLandscapeLeft UIInterfaceOrientationLandscapeRight";
				INFOPLIST_KEY_UISupportedInterfaceOrientations_iPhone = "UIInterfaceOrientationPortrait UIInterfaceOrientationLandscapeLeft UIInterfaceOrientationLandscapeRight";
				LD_RUNPATH_SEARCH_PATHS = (
					"$(inherited)",
					"@executable_path/Frameworks",
				);
				MARKETING_VERSION = 1.0;
				PRODUCT_BUNDLE_IDENTIFIER = com.braze.TestGHAction;
				PRODUCT_NAME = "$(TARGET_NAME)";
				SWIFT_EMIT_LOC_STRINGS = YES;
				SWIFT_VERSION = 5.0;
				TARGETED_DEVICE_FAMILY = "1,2";
			};
			name = Release;
		};
/* End XCBuildConfiguration section */

/* Begin XCConfigurationList section */
		66EA68FF28F84D3B00EBC938 /* Build configuration list for PBXProject "TestGHAction" */ = {
			isa = XCConfigurationList;
			buildConfigurations = (
				66EA691628F84D3D00EBC938 /* Debug */,
				66EA691728F84D3D00EBC938 /* Release */,
			);
			defaultConfigurationIsVisible = 0;
			defaultConfigurationName = Release;
		};
		66EA691828F84D3D00EBC938 /* Build configuration list for PBXNativeTarget "TestGHAction" */ = {
			isa = XCConfigurationList;
			buildConfigurations = (
				66EA691928F84D3D00EBC938 /* Debug */,
				66EA691A28F84D3D00EBC938 /* Release */,
			);
			defaultConfigurationIsVisible = 0;
			defaultConfigurationName = Release;
		};
/* End XCConfigurationList section */

/* Begin XCRemoteSwiftPackageReference section */
		66EA691B28F84D8800EBC938 /* XCRemoteSwiftPackageReference "braze-swift-sdk" */ = {
			isa = XCRemoteSwiftPackageReference;
			repositoryURL = "https://github.com/braze-inc/braze-swift-sdk/";
			requirement = {
				kind = upToNextMajorVersion;
				minimumVersion = 5.0.0;
			};
		};
/* End XCRemoteSwiftPackageReference section */

/* Begin XCSwiftPackageProductDependency section */
		66EA691C28F84D8800EBC938 /* BrazeKit */ = {
			isa = XCSwiftPackageProductDependency;
			package = 66EA691B28F84D8800EBC938 /* XCRemoteSwiftPackageReference "braze-swift-sdk" */;
			productName = BrazeKit;
		};
		66EA691E28F84D8800EBC938 /* BrazeLocation */ = {
			isa = XCSwiftPackageProductDependency;
			package = 66EA691B28F84D8800EBC938 /* XCRemoteSwiftPackageReference "braze-swift-sdk" */;
			productName = BrazeLocation;
		};
		66EA692028F84D8800EBC938 /* BrazeUI */ = {
			isa = XCSwiftPackageProductDependency;
			package = 66EA691B28F84D8800EBC938 /* XCRemoteSwiftPackageReference "braze-swift-sdk" */;
			productName = BrazeUI;
		};
/* End XCSwiftPackageProductDependency section */
	};
	rootObject = 66EA68FC28F84D3B00EBC938 /* Project object */;
}
